
Microsoft Visual Studio Solution File, Format Version 12.00
# Visual Studio Version 16
VisualStudioVersion = 16.0.35731.53
MinimumVisualStudioVersion = 10.0.40219.1
Project("{FAE04EC0-301F-11D3-BF4B-00C04F79EFBC}") = "Word-IQ-Application", "Word-IQ-Application\Word-IQ-Application.csproj", "{EC14B492-F0C8-4AA4-BC28-C7E7BC865AD1}"
EndProject
Project("{2150E333-8FDC-42A3-9474-1A3956D46DE8}") = "Resources", "Resources", "{784232C6-20A5-4D48-97A9-33CDCE977995}"
	ProjectSection(SolutionItems) = preProject
		C:\Users\vabee\Downloads\idea.png = C:\Users\vabee\Downloads\idea.png
	EndProjectSection
EndProject
Global
	GlobalSection(SolutionConfigurationPlatforms) = preSolution
		Debug|Any CPU = Debug|Any CPU
		Release|Any CPU = Release|Any CPU
	EndGlobalSection
	GlobalSection(ProjectConfigurationPlatforms) = postSolution
		{EC14B492-F0C8-4AA4-BC28-C7E7BC865AD1}.Debug|Any CPU.ActiveCfg = Debug|Any CPU
		{EC14B492-F0C8-4AA4-BC28-C7E7BC865AD1}.Debug|Any CPU.Build.0 = Debug|Any CPU
		{EC14B492-F0C8-4AA4-BC28-C7E7BC865AD1}.Release|Any CPU.ActiveCfg = Release|Any CPU
		{EC14B492-F0C8-4AA4-BC28-C7E7BC865AD1}.Release|Any CPU.Build.0 = Release|Any CPU
	EndGlobalSection
	GlobalSection(SolutionProperties) = preSolution
		HideSolutionNode = FALSE
	EndGlobalSection
	GlobalSection(ExtensibilityGlobals) = postSolution
		SolutionGuid = {B5428241-375B-497D-83D8-E4F1FD801601}
	EndGlobalSection
EndGlobal
